
Microsoft Visual Studio Solution File, Format Version 12.00
# Visual Studio 14
VisualStudioVersion = 14.0.24720.0
MinimumVisualStudioVersion = 10.0.40219.1
Project("{FAE04EC0-301F-11D3-BF4B-00C04F79EFBC}") = "CSV", "CSV\CSV.csproj", "{BFC9310C-6472-4E79-B792-2D963FD6E502}"
EndProject
Project("{FAE04EC0-301F-11D3-BF4B-00C04F79EFBC}") = "LoadCsvFile", "LoadCsvFile\LoadCsvFile.csproj", "{EFED3B0C-7765-4F04-BB47-6C215F463457}"
EndProject
Global
	GlobalSection(SolutionConfigurationPlatforms) = preSolution
		Debug|Any CPU = Debug|Any CPU
		Release|Any CPU = Release|Any CPU
	EndGlobalSection
	GlobalSection(ProjectConfigurationPlatforms) = postSolution
		{BFC9310C-6472-4E79-B792-2D963FD6E502}.Debug|Any CPU.ActiveCfg = Debug|Any CPU
		{BFC9310C-6472-4E79-B792-2D963FD6E502}.Debug|Any CPU.Build.0 = Debug|Any CPU
		{BFC9310C-6472-4E79-B792-2D963FD6E502}.Release|Any CPU.ActiveCfg = Release|Any CPU
		{BFC9310C-6472-4E79-B792-2D963FD6E502}.Release|Any CPU.Build.0 = Release|Any CPU
		{EFED3B0C-7765-4F04-BB47-6C215F463457}.Debug|Any CPU.ActiveCfg = Debug|Any CPU
		{EFED3B0C-7765-4F04-BB47-6C215F463457}.Debug|Any CPU.Build.0 = Debug|Any CPU
		{EFED3B0C-7765-4F04-BB47-6C215F463457}.Release|Any CPU.ActiveCfg = Release|Any CPU
		{EFED3B0C-7765-4F04-BB47-6C215F463457}.Release|Any CPU.Build.0 = Release|Any CPU
	EndGlobalSection
	GlobalSection(SolutionProperties) = preSolution
		HideSolutionNode = FALSE
	EndGlobalSection
EndGlobal
