
Microsoft Visual Studio Solution File, Format Version 12.00
# Visual Studio 2012
Project("{FAE04EC0-301F-11D3-BF4B-00C04F79EFBC}") = "jsonlib", "jsonlib\jsonlib.csproj", "{5595AD5E-2613-4B18-9F9E-CE45D4EB4AA4}"
EndProject
Global
	GlobalSection(SolutionConfigurationPlatforms) = preSolution
		Debug|Any CPU = Debug|Any CPU
		Release|Any CPU = Release|Any CPU
	EndGlobalSection
	GlobalSection(ProjectConfigurationPlatforms) = postSolution
		{5595AD5E-2613-4B18-9F9E-CE45D4EB4AA4}.Debug|Any CPU.ActiveCfg = Debug|Any CPU
		{5595AD5E-2613-4B18-9F9E-CE45D4EB4AA4}.Debug|Any CPU.Build.0 = Debug|Any CPU
		{5595AD5E-2613-4B18-9F9E-CE45D4EB4AA4}.Release|Any CPU.ActiveCfg = Release|Any CPU
		{5595AD5E-2613-4B18-9F9E-CE45D4EB4AA4}.Release|Any CPU.Build.0 = Release|Any CPU
	EndGlobalSection
	GlobalSection(SolutionProperties) = preSolution
		HideSolutionNode = FALSE
	EndGlobalSection
EndGlobal
